// !$*UTF8*$!
{
	archiveVersion = 1;
	classes = {
	};
	objectVersion = 46;
	objects = {

/* Begin PBXBuildFile section */
		8FB94AF21BB6FB8400E2D396 /* AppDelegate.swift in Sources */ = {isa = PBXBuildFile; fileRef = 8FB94AF11BB6FB8400E2D396 /* AppDelegate.swift */; };
		8FB94AF41BB6FB8400E2D396 /* ViewController.swift in Sources */ = {isa = PBXBuildFile; fileRef = 8FB94AF31BB6FB8400E2D396 /* ViewController.swift */; };
		8FB94AF71BB6FB8400E2D396 /* Main.storyboard in Resources */ = {isa = PBXBuildFile; fileRef = 8FB94AF51BB6FB8400E2D396 /* Main.storyboard */; };
		8FB94AF91BB6FB8400E2D396 /* Assets.xcassets in Resources */ = {isa = PBXBuildFile; fileRef = 8FB94AF81BB6FB8400E2D396 /* Assets.xcassets */; };
		8FB94AFC1BB6FB8400E2D396 /* LaunchScreen.storyboard in Resources */ = {isa = PBXBuildFile; fileRef = 8FB94AFA1BB6FB8400E2D396 /* LaunchScreen.storyboard */; };
		8FB94B041BB7030500E2D396 /* CoreLocation.framework in Frameworks */ = {isa = PBXBuildFile; fileRef = 8FB94B031BB7030500E2D396 /* CoreLocation.framework */; };
/* End PBXBuildFile section */

/* Begin PBXFileReference section */
		8FB94AEE1BB6FB8400E2D396 /* Map Demo.app */ = {isa = PBXFileReference; explicitFileType = wrapper.application; includeInIndex = 0; path = "Map Demo.app"; sourceTree = BUILT_PRODUCTS_DIR; };
		8FB94AF11BB6FB8400E2D396 /* AppDelegate.swift */ = {isa = PBXFileReference; lastKnownFileType = sourcecode.swift; path = AppDelegate.swift; sourceTree = "<group>"; };
		8FB94AF31BB6FB8400E2D396 /* ViewController.swift */ = {isa = PBXFileReference; lastKnownFileType = sourcecode.swift; path = ViewController.swift; sourceTree = "<group>"; };
		8FB94AF61BB6FB8400E2D396 /* Base */ = {isa = PBXFileReference; lastKnownFileType = file.storyboard; name = Base; path = Base.lproj/Main.storyboard; sourceTree = "<group>"; };
		8FB94AF81BB6FB8400E2D396 /* Assets.xcassets */ = {isa = PBXFileReference; lastKnownFileType = folder.assetcatalog; path = Assets.xcassets; sourceTree = "<group>"; };
		8FB94AFB1BB6FB8400E2D396 /* Base */ = {isa = PBXFileReference; lastKnownFileType = file.storyboard; name = Base; path = Base.lproj/LaunchScreen.storyboard; sourceTree = "<group>"; };
		8FB94AFD1BB6FB8400E2D396 /* Info.plist */ = {isa = PBXFileReference; lastKnownFileType = text.plist.xml; path = Info.plist; sourceTree = "<group>"; };
		8FB94B031BB7030500E2D396 /* CoreLocation.framework */ = {isa = PBXFileReference; lastKnownFileType = wrapper.framework; name = CoreLocation.framework; path = System/Library/Frameworks/CoreLocation.framework; sourceTree = SDKROOT; };
/* End PBXFileReference section */

/* Begin PBXFrameworksBuildPhase section */
		8FB94AEB1BB6FB8400E2D396 /* Frameworks */ = {
			isa = PBXFrameworksBuildPhase;
			buildActionMask = 2147483647;
			files = (
				8FB94B041BB7030500E2D396 /* CoreLocation.framework in Frameworks */,
			);
			runOnlyForDeploymentPostprocessing = 0;
		};
/* End PBXFrameworksBuildPhase section */

/* Begin PBXGroup section */
		8FB94AE51BB6FB8400E2D396 = {
			isa = PBXGroup;
			children = (
				8FB94B031BB7030500E2D396 /* CoreLocation.framework */,
				8FB94AF01BB6FB8400E2D396 /* Map Demo */,
				8FB94AEF1BB6FB8400E2D396 /* Products */,
			);
			sourceTree = "<group>";
		};
		8FB94AEF1BB6FB8400E2D396 /* Products */ = {
			isa = PBXGroup;
			children = (
				8FB94AEE1BB6FB8400E2D396 /* Map Demo.app */,
			);
			name = Products;
			sourceTree = "<group>";
		};
		8FB94AF01BB6FB8400E2D396 /* Map Demo */ = {
			isa = PBXGroup;
			children = (
				8FB94AF11BB6FB8400E2D396 /* AppDelegate.swift */,
				8FB94AF31BB6FB8400E2D396 /* ViewController.swift */,
				8FB94AF51BB6FB8400E2D396 /* Main.storyboard */,
				8FB94AF81BB6FB8400E2D396 /* Assets.xcassets */,
				8FB94AFA1BB6FB8400E2D396 /* LaunchScreen.storyboard */,
				8FB94AFD1BB6FB8400E2D396 /* Info.plist */,
			);
			path = "Map Demo";
			sourceTree = "<group>";
		};
/* End PBXGroup section */

/* Begin PBXNativeTarget section */
		8FB94AED1BB6FB8400E2D396 /* Map Demo */ = {
			isa = PBXNativeTarget;
			buildConfigurationList = 8FB94B001BB6FB8400E2D396 /* Build configuration list for PBXNativeTarget "Map Demo" */;
			buildPhases = (
				8FB94AEA1BB6FB8400E2D396 /* Sources */,
				8FB94AEB1BB6FB8400E2D396 /* Frameworks */,
				8FB94AEC1BB6FB8400E2D396 /* Resources */,
			);
			buildRules = (
			);
			dependencies = (
			);
			name = "Map Demo";
			productName = "Map Demo";
			productReference = 8FB94AEE1BB6FB8400E2D396 /* Map Demo.app */;
			productType = "com.apple.product-type.application";
		};
/* End PBXNativeTarget section */

/* Begin PBXProject section */
		8FB94AE61BB6FB8400E2D396 /* Project object */ = {
			isa = PBXProject;
			attributes = {
				LastUpgradeCheck = 0700;
				ORGANIZATIONNAME = "Mike Pitre";
				TargetAttributes = {
					8FB94AED1BB6FB8400E2D396 = {
						CreatedOnToolsVersion = 7.0;
						DevelopmentTeam = RFXBTPH739;
					};
				};
			};
			buildConfigurationList = 8FB94AE91BB6FB8400E2D396 /* Build configuration list for PBXProject "Map Demo" */;
			compatibilityVersion = "Xcode 3.2";
			developmentRegion = English;
			hasScannedForEncodings = 0;
			knownRegions = (
				en,
				Base,
			);
			mainGroup = 8FB94AE51BB6FB8400E2D396;
			productRefGroup = 8FB94AEF1BB6FB8400E2D396 /* Products */;
			projectDirPath = "";
			projectRoot = "";
			targets = (
				8FB94AED1BB6FB8400E2D396 /* Map Demo */,
			);
		};
/* End PBXProject section */

/* Begin PBXResourcesBuildPhase section */
		8FB94AEC1BB6FB8400E2D396 /* Resources */ = {
			isa = PBXResourcesBuildPhase;
			buildActionMask = 2147483647;
			files = (
				8FB94AFC1BB6FB8400E2D396 /* LaunchScreen.storyboard in Resources */,
				8FB94AF91BB6FB8400E2D396 /* Assets.xcassets in Resources */,
				8FB94AF71BB6FB8400E2D396 /* Main.storyboard in Resources */,
			);
			runOnlyForDeploymentPostprocessing = 0;
		};
/* End PBXResourcesBuildPhase section */

/* Begin PBXSourcesBuildPhase section */
		8FB94AEA1BB6FB8400E2D396 /* Sources */ = {
			isa = PBXSourcesBuildPhase;
			buildActionMask = 2147483647;
			files = (
				8FB94AF41BB6FB8400E2D396 /* ViewController.swift in Sources */,
				8FB94AF21BB6FB8400E2D396 /* AppDelegate.swift in Sources */,
			);
			runOnlyForDeploymentPostprocessing = 0;
		};
/* End PBXSourcesBuildPhase section */

/* Begin PBXVariantGroup section */
		8FB94AF51BB6FB8400E2D396 /* Main.storyboard */ = {
			isa = PBXVariantGroup;
			children = (
				8FB94AF61BB6FB8400E2D396 /* Base */,
			);
			name = Main.storyboard;
			sourceTree = "<group>";
		};
		8FB94AFA1BB6FB8400E2D396 /* LaunchScreen.storyboard */ = {
			isa = PBXVariantGroup;
			children = (
				8FB94AFB1BB6FB8400E2D396 /* Base */,
			);
			name = LaunchScreen.storyboard;
			sourceTree = "<group>";
		};
/* End PBXVariantGroup section */

/* Begin XCBuildConfiguration section */
		8FB94AFE1BB6FB8400E2D396 /* Debug */ = {
			isa = XCBuildConfiguration;
			buildSettings = {
				ALWAYS_SEARCH_USER_PATHS = NO;
				CLANG_CXX_LANGUAGE_STANDARD = "gnu++0x";
				CLANG_CXX_LIBRARY = "libc++";
				CLANG_ENABLE_MODULES = YES;
				CLANG_ENABLE_OBJC_ARC = YES;
				CLANG_WARN_BOOL_CONVERSION = YES;
				CLANG_WARN_CONSTANT_CONVERSION = YES;
				CLANG_WARN_DIRECT_OBJC_ISA_USAGE = YES_ERROR;
				CLANG_WARN_EMPTY_BODY = YES;
				CLANG_WARN_ENUM_CONVERSION = YES;
				CLANG_WARN_INT_CONVERSION = YES;
				CLANG_WARN_OBJC_ROOT_CLASS = YES_ERROR;
				CLANG_WARN_UNREACHABLE_CODE = YES;
				CLANG_WARN__DUPLICATE_METHOD_MATCH = YES;
				"CODE_SIGN_IDENTITY[sdk=iphoneos*]" = "iPhone Developer";
				COPY_PHASE_STRIP = NO;
				DEBUG_INFORMATION_FORMAT = dwarf;
				ENABLE_STRICT_OBJC_MSGSEND = YES;
				ENABLE_TESTABILITY = YES;
				GCC_C_LANGUAGE_STANDARD = gnu99;
				GCC_DYNAMIC_NO_PIC = NO;
				GCC_NO_COMMON_BLOCKS = YES;
				GCC_OPTIMIZATION_LEVEL = 0;
				GCC_PREPROCESSOR_DEFINITIONS = (
					"DEBUG=1",
					"$(inherited)",
				);
				GCC_WARN_64_TO_32_BIT_CONVERSION = YES;
				GCC_WARN_ABOUT_RETURN_TYPE = YES_ERROR;
				GCC_WARN_UNDECLARED_SELECTOR = YES;
				GCC_WARN_UNINITIALIZED_AUTOS = YES_AGGRESSIVE;
				GCC_WARN_UNUSED_FUNCTION = YES;
				GCC_WARN_UNUSED_VARIABLE = YES;
				IPHONEOS_DEPLOYMENT_TARGET = 9.0;
				MTL_ENABLE_DEBUG_INFO = YES;
				ONLY_ACTIVE_ARCH = YES;
				SDKROOT = iphoneos;
				SWIFT_OPTIMIZATION_LEVEL = "-Onone";
			};
			name = Debug;
		};
		8FB94AFF1BB6FB8400E2D396 /* Release */ = {
			isa = XCBuildConfiguration;
			buildSettings = {
				ALWAYS_SEARCH_USER_PATHS = NO;
				CLANG_CXX_LANGUAGE_STANDARD = "gnu++0x";
				CLANG_CXX_LIBRARY = "libc++";
				CLANG_ENABLE_MODULES = YES;
				CLANG_ENABLE_OBJC_ARC = YES;
				CLANG_WARN_BOOL_CONVERSION = YES;
				CLANG_WARN_CONSTANT_CONVERSION = YES;
				CLANG_WARN_DIRECT_OBJC_ISA_USAGE = YES_ERROR;
				CLANG_WARN_EMPTY_BODY = YES;
				CLANG_WARN_ENUM_CONVERSION = YES;
				CLANG_WARN_INT_CONVERSION = YES;
				CLANG_WARN_OBJC_ROOT_CLASS = YES_ERROR;
				CLANG_WARN_UNREACHABLE_CODE = YES;
				CLANG_WARN__DUPLICATE_METHOD_MATCH = YES;
				"CODE_SIGN_IDENTITY[sdk=iphoneos*]" = "iPhone Developer";
				COPY_PHASE_STRIP = NO;
				DEBUG_INFORMATION_FORMAT = "dwarf-with-dsym";
				ENABLE_NS_ASSERTIONS = NO;
				ENABLE_STRICT_OBJC_MSGSEND = YES;
				GCC_C_LANGUAGE_STANDARD = gnu99;
				GCC_NO_COMMON_BLOCKS = YES;
				GCC_WARN_64_TO_32_BIT_CONVERSION = YES;
				GCC_WARN_ABOUT_RETURN_TYPE = YES_ERROR;
				GCC_WARN_UNDECLARED_SELECTOR = YES;
				GCC_WARN_UNINITIALIZED_AUTOS = YES_AGGRESSIVE;
				GCC_WARN_UNUSED_FUNCTION = YES;
				GCC_WARN_UNUSED_VARIABLE = YES;
				IPHONEOS_DEPLOYMENT_TARGET = 9.0;
				MTL_ENABLE_DEBUG_INFO = NO;
				SDKROOT = iphoneos;
				VALIDATE_PRODUCT = YES;
			};
			name = Release;
		};
		8FB94B011BB6FB8400E2D396 /* Debug */ = {
			isa = XCBuildConfiguration;
			buildSettings = {
				ASSETCATALOG_COMPILER_APPICON_NAME = AppIcon;
				INFOPLIST_FILE = "Map Demo/Info.plist";
				LD_RUNPATH_SEARCH_PATHS = "$(inherited) @executable_path/Frameworks";
				PRODUCT_BUNDLE_IDENTIFIER = "me.mikepitre.Map-Demo";
				PRODUCT_NAME = "$(TARGET_NAME)";
			};
			name = Debug;
		};
		8FB94B021BB6FB8400E2D396 /* Release */ = {
			isa = XCBuildConfiguration;
			buildSettings = {
				ASSETCATALOG_COMPILER_APPICON_NAME = AppIcon;
				INFOPLIST_FILE = "Map Demo/Info.plist";
				LD_RUNPATH_SEARCH_PATHS = "$(inherited) @executable_path/Frameworks";
				PRODUCT_BUNDLE_IDENTIFIER = "me.mikepitre.Map-Demo";
				PRODUCT_NAME = "$(TARGET_NAME)";
			};
			name = Release;
		};
/* End XCBuildConfiguration section */

/* Begin XCConfigurationList section */
		8FB94AE91BB6FB8400E2D396 /* Build configuration list for PBXProject "Map Demo" */ = {
			isa = XCConfigurationList;
			buildConfigurations = (
				8FB94AFE1BB6FB8400E2D396 /* Debug */,
				8FB94AFF1BB6FB8400E2D396 /* Release */,
			);
			defaultConfigurationIsVisible = 0;
			defaultConfigurationName = Release;
		};
		8FB94B001BB6FB8400E2D396 /* Build configuration list for PBXNativeTarget "Map Demo" */ = {
			isa = XCConfigurationList;
			buildConfigurations = (
				8FB94B011BB6FB8400E2D396 /* Debug */,
				8FB94B021BB6FB8400E2D396 /* Release */,
			);
			defaultConfigurationIsVisible = 0;
		};
/* End XCConfigurationList section */
	};
	rootObject = 8FB94AE61BB6FB8400E2D396 /* Project object */;
}
